
Microsoft Visual Studio Solution File, Format Version 12.00
# Visual Studio Version 16
VisualStudioVersion = 16.0.30907.101
MinimumVisualStudioVersion = 10.0.40219.1
Project("{FAE04EC0-301F-11D3-BF4B-00C04F79EFBC}") = "Gano Hesabı", "Gano Hesabı\Gano Hesabı.csproj", "{AE9FFB34-C675-4BA2-894F-BCDA4FBC7037}"
EndProject
Global
	GlobalSection(SolutionConfigurationPlatforms) = preSolution
		Debug|Any CPU = Debug|Any CPU
		Release|Any CPU = Release|Any CPU
	EndGlobalSection
	GlobalSection(ProjectConfigurationPlatforms) = postSolution
		{AE9FFB34-C675-4BA2-894F-BCDA4FBC7037}.Debug|Any CPU.ActiveCfg = Debug|Any CPU
		{AE9FFB34-C675-4BA2-894F-BCDA4FBC7037}.Debug|Any CPU.Build.0 = Debug|Any CPU
		{AE9FFB34-C675-4BA2-894F-BCDA4FBC7037}.Release|Any CPU.ActiveCfg = Release|Any CPU
		{AE9FFB34-C675-4BA2-894F-BCDA4FBC7037}.Release|Any CPU.Build.0 = Release|Any CPU
	EndGlobalSection
	GlobalSection(SolutionProperties) = preSolution
		HideSolutionNode = FALSE
	EndGlobalSection
	GlobalSection(ExtensibilityGlobals) = postSolution
		SolutionGuid = {83DDACD1-0530-4099-940F-6935A7D7C5C9}
	EndGlobalSection
EndGlobal
